// !$*UTF8*$!
{
	archiveVersion = 1;
	classes = {
	};
	objectVersion = 77;
	objects = {

/* Begin PBXBuildFile section */
		DF0E2B512DB666BD0075831C /* Coordinator in Frameworks */ = {isa = PBXBuildFile; productRef = DF0E2B502DB666BD0075831C /* Coordinator */; };
		DF16AE1C2DC7BC7500E6EB80 /* README.md in Resources */ = {isa = PBXBuildFile; fileRef = DF16AE1B2DC7BC7500E6EB80 /* README.md */; };
/* End PBXBuildFile section */

/* Begin PBXContainerItemProxy section */
		DF0E2B0D2DB665B10075831C /* PBXContainerItemProxy */ = {
			isa = PBXContainerItemProxy;
			containerPortal = DF0E2AF72DB665AE0075831C /* Project object */;
			proxyType = 1;
			remoteGlobalIDString = DF0E2AFE2DB665AE0075831C;
			remoteInfo = CoordinatorExample;
		};
		DF0E2B172DB665B10075831C /* PBXContainerItemProxy */ = {
			isa = PBXContainerItemProxy;
			containerPortal = DF0E2AF72DB665AE0075831C /* Project object */;
			proxyType = 1;
			remoteGlobalIDString = DF0E2AFE2DB665AE0075831C;
			remoteInfo = CoordinatorExample;
		};
/* End PBXContainerItemProxy section */

/* Begin PBXFileReference section */
		DF0E2AFF2DB665AE0075831C /* CoordinatorExample.app */ = {isa = PBXFileReference; explicitFileType = wrapper.application; includeInIndex = 0; path = CoordinatorExample.app; sourceTree = BUILT_PRODUCTS_DIR; };
		DF0E2B0C2DB665B10075831C /* CoordinatorExampleTests.xctest */ = {isa = PBXFileReference; explicitFileType = wrapper.cfbundle; includeInIndex = 0; path = CoordinatorExampleTests.xctest; sourceTree = BUILT_PRODUCTS_DIR; };
		DF0E2B162DB665B10075831C /* CoordinatorExampleUITests.xctest */ = {isa = PBXFileReference; explicitFileType = wrapper.cfbundle; includeInIndex = 0; path = CoordinatorExampleUITests.xctest; sourceTree = BUILT_PRODUCTS_DIR; };
		DF16AE1B2DC7BC7500E6EB80 /* README.md */ = {isa = PBXFileReference; lastKnownFileType = net.daringfireball.markdown; path = README.md; sourceTree = "<group>"; };
/* End PBXFileReference section */

/* Begin PBXFileSystemSynchronizedBuildFileExceptionSet section */
		DF16ADE52DC795FB00E6EB80 /* Exceptions for "CoordinatorExample" folder in "CoordinatorExample" target */ = {
			isa = PBXFileSystemSynchronizedBuildFileExceptionSet;
			membershipExceptions = (
				Info.plist,
			);
			target = DF0E2AFE2DB665AE0075831C /* CoordinatorExample */;
		};
/* End PBXFileSystemSynchronizedBuildFileExceptionSet section */

/* Begin PBXFileSystemSynchronizedRootGroup section */
		DF0E2B012DB665AE0075831C /* CoordinatorExample */ = {
			isa = PBXFileSystemSynchronizedRootGroup;
			exceptions = (
				DF16ADE52DC795FB00E6EB80 /* Exceptions for "CoordinatorExample" folder in "CoordinatorExample" target */,
			);
			path = CoordinatorExample;
			sourceTree = "<group>";
		};
/* End PBXFileSystemSynchronizedRootGroup section */

/* Begin PBXFrameworksBuildPhase section */
		DF0E2AFC2DB665AE0075831C /* Frameworks */ = {
			isa = PBXFrameworksBuildPhase;
			buildActionMask = 2147483647;
			files = (
				DF0E2B512DB666BD0075831C /* Coordinator in Frameworks */,
			);
			runOnlyForDeploymentPostprocessing = 0;
		};
		DF0E2B092DB665B10075831C /* Frameworks */ = {
			isa = PBXFrameworksBuildPhase;
			buildActionMask = 2147483647;
			files = (
			);
			runOnlyForDeploymentPostprocessing = 0;
		};
		DF0E2B132DB665B10075831C /* Frameworks */ = {
			isa = PBXFrameworksBuildPhase;
			buildActionMask = 2147483647;
			files = (
			);
			runOnlyForDeploymentPostprocessing = 0;
		};
/* End PBXFrameworksBuildPhase section */

/* Begin PBXGroup section */
		DF0E2AF62DB665AE0075831C = {
			isa = PBXGroup;
			children = (
				DF16AE1B2DC7BC7500E6EB80 /* README.md */,
				DF0E2B012DB665AE0075831C /* CoordinatorExample */,
				DF0E2B002DB665AE0075831C /* Products */,
			);
			sourceTree = "<group>";
		};
		DF0E2B002DB665AE0075831C /* Products */ = {
			isa = PBXGroup;
			children = (
				DF0E2AFF2DB665AE0075831C /* CoordinatorExample.app */,
				DF0E2B0C2DB665B10075831C /* CoordinatorExampleTests.xctest */,
				DF0E2B162DB665B10075831C /* CoordinatorExampleUITests.xctest */,
			);
			name = Products;
			sourceTree = "<group>";
		};
/* End PBXGroup section */

/* Begin PBXNativeTarget section */
		DF0E2AFE2DB665AE0075831C /* CoordinatorExample */ = {
			isa = PBXNativeTarget;
			buildConfigurationList = DF0E2B202DB665B10075831C /* Build configuration list for PBXNativeTarget "CoordinatorExample" */;
			buildPhases = (
				DF0E2AFB2DB665AE0075831C /* Sources */,
				DF0E2AFC2DB665AE0075831C /* Frameworks */,
				DF0E2AFD2DB665AE0075831C /* Resources */,
			);
			buildRules = (
			);
			dependencies = (
			);
			fileSystemSynchronizedGroups = (
				DF0E2B012DB665AE0075831C /* CoordinatorExample */,
			);
			name = CoordinatorExample;
			packageProductDependencies = (
				DF0E2B502DB666BD0075831C /* Coordinator */,
			);
			productName = CoordinatorExample;
			productReference = DF0E2AFF2DB665AE0075831C /* CoordinatorExample.app */;
			productType = "com.apple.product-type.application";
		};
		DF0E2B0B2DB665B10075831C /* CoordinatorExampleTests */ = {
			isa = PBXNativeTarget;
			buildConfigurationList = DF0E2B232DB665B10075831C /* Build configuration list for PBXNativeTarget "CoordinatorExampleTests" */;
			buildPhases = (
				DF0E2B082DB665B10075831C /* Sources */,
				DF0E2B092DB665B10075831C /* Frameworks */,
				DF0E2B0A2DB665B10075831C /* Resources */,
			);
			buildRules = (
			);
			dependencies = (
				DF0E2B0E2DB665B10075831C /* PBXTargetDependency */,
			);
			name = CoordinatorExampleTests;
			packageProductDependencies = (
			);
			productName = CoordinatorExampleTests;
			productReference = DF0E2B0C2DB665B10075831C /* CoordinatorExampleTests.xctest */;
			productType = "com.apple.product-type.bundle.unit-test";
		};
		DF0E2B152DB665B10075831C /* CoordinatorExampleUITests */ = {
			isa = PBXNativeTarget;
			buildConfigurationList = DF0E2B262DB665B10075831C /* Build configuration list for PBXNativeTarget "CoordinatorExampleUITests" */;
			buildPhases = (
				DF0E2B122DB665B10075831C /* Sources */,
				DF0E2B132DB665B10075831C /* Frameworks */,
				DF0E2B142DB665B10075831C /* Resources */,
			);
			buildRules = (
			);
			dependencies = (
				DF0E2B182DB665B10075831C /* PBXTargetDependency */,
			);
			name = CoordinatorExampleUITests;
			packageProductDependencies = (
			);
			productName = CoordinatorExampleUITests;
			productReference = DF0E2B162DB665B10075831C /* CoordinatorExampleUITests.xctest */;
			productType = "com.apple.product-type.bundle.ui-testing";
		};
/* End PBXNativeTarget section */

/* Begin PBXProject section */
		DF0E2AF72DB665AE0075831C /* Project object */ = {
			isa = PBXProject;
			attributes = {
				BuildIndependentTargetsInParallel = 1;
				LastSwiftUpdateCheck = 1630;
				LastUpgradeCheck = 1630;
				TargetAttributes = {
					DF0E2AFE2DB665AE0075831C = {
						CreatedOnToolsVersion = 16.3;
					};
					DF0E2B0B2DB665B10075831C = {
						CreatedOnToolsVersion = 16.3;
						TestTargetID = DF0E2AFE2DB665AE0075831C;
					};
					DF0E2B152DB665B10075831C = {
						CreatedOnToolsVersion = 16.3;
						TestTargetID = DF0E2AFE2DB665AE0075831C;
					};
				};
			};
			buildConfigurationList = DF0E2AFA2DB665AE0075831C /* Build configuration list for PBXProject "CoordinatorExample" */;
			developmentRegion = en;
			hasScannedForEncodings = 0;
			knownRegions = (
				en,
				Base,
			);
			mainGroup = DF0E2AF62DB665AE0075831C;
			minimizedProjectReferenceProxies = 1;
			packageReferences = (
				DF0E2B4F2DB666BD0075831C /* XCLocalSwiftPackageReference "../../Coordinator" */,
			);
			preferredProjectObjectVersion = 77;
			productRefGroup = DF0E2B002DB665AE0075831C /* Products */;
			projectDirPath = "";
			projectRoot = "";
			targets = (
				DF0E2AFE2DB665AE0075831C /* CoordinatorExample */,
				DF0E2B0B2DB665B10075831C /* CoordinatorExampleTests */,
				DF0E2B152DB665B10075831C /* CoordinatorExampleUITests */,
			);
		};
/* End PBXProject section */

/* Begin PBXResourcesBuildPhase section */
		DF0E2AFD2DB665AE0075831C /* Resources */ = {
			isa = PBXResourcesBuildPhase;
			buildActionMask = 2147483647;
			files = (
				DF16AE1C2DC7BC7500E6EB80 /* README.md in Resources */,
			);
			runOnlyForDeploymentPostprocessing = 0;
		};
		DF0E2B0A2DB665B10075831C /* Resources */ = {
			isa = PBXResourcesBuildPhase;
			buildActionMask = 2147483647;
			files = (
			);
			runOnlyForDeploymentPostprocessing = 0;
		};
		DF0E2B142DB665B10075831C /* Resources */ = {
			isa = PBXResourcesBuildPhase;
			buildActionMask = 2147483647;
			files = (
			);
			runOnlyForDeploymentPostprocessing = 0;
		};
/* End PBXResourcesBuildPhase section */

/* Begin PBXSourcesBuildPhase section */
		DF0E2AFB2DB665AE0075831C /* Sources */ = {
			isa = PBXSourcesBuildPhase;
			buildActionMask = 2147483647;
			files = (
			);
			runOnlyForDeploymentPostprocessing = 0;
		};
		DF0E2B082DB665B10075831C /* Sources */ = {
			isa = PBXSourcesBuildPhase;
			buildActionMask = 2147483647;
			files = (
			);
			runOnlyForDeploymentPostprocessing = 0;
		};
		DF0E2B122DB665B10075831C /* Sources */ = {
			isa = PBXSourcesBuildPhase;
			buildActionMask = 2147483647;
			files = (
			);
			runOnlyForDeploymentPostprocessing = 0;
		};
/* End PBXSourcesBuildPhase section */

/* Begin PBXTargetDependency section */
		DF0E2B0E2DB665B10075831C /* PBXTargetDependency */ = {
			isa = PBXTargetDependency;
			target = DF0E2AFE2DB665AE0075831C /* CoordinatorExample */;
			targetProxy = DF0E2B0D2DB665B10075831C /* PBXContainerItemProxy */;
		};
		DF0E2B182DB665B10075831C /* PBXTargetDependency */ = {
			isa = PBXTargetDependency;
			target = DF0E2AFE2DB665AE0075831C /* CoordinatorExample */;
			targetProxy = DF0E2B172DB665B10075831C /* PBXContainerItemProxy */;
		};
/* End PBXTargetDependency section */

/* Begin XCBuildConfiguration section */
		DF0E2B1E2DB665B10075831C /* Debug */ = {
			isa = XCBuildConfiguration;
			buildSettings = {
				ALWAYS_SEARCH_USER_PATHS = NO;
				ASSETCATALOG_COMPILER_GENERATE_SWIFT_ASSET_SYMBOL_EXTENSIONS = YES;
				CLANG_ANALYZER_NONNULL = YES;
				CLANG_ANALYZER_NUMBER_OBJECT_CONVERSION = YES_AGGRESSIVE;
				CLANG_CXX_LANGUAGE_STANDARD = "gnu++20";
				CLANG_ENABLE_MODULES = YES;
				CLANG_ENABLE_OBJC_ARC = YES;
				CLANG_ENABLE_OBJC_WEAK = YES;
				CLANG_WARN_BLOCK_CAPTURE_AUTORELEASING = YES;
				CLANG_WARN_BOOL_CONVERSION = YES;
				CLANG_WARN_COMMA = YES;
				CLANG_WARN_CONSTANT_CONVERSION = YES;
				CLANG_WARN_DEPRECATED_OBJC_IMPLEMENTATIONS = YES;
				CLANG_WARN_DIRECT_OBJC_ISA_USAGE = YES_ERROR;
				CLANG_WARN_DOCUMENTATION_COMMENTS = YES;
				CLANG_WARN_EMPTY_BODY = YES;
				CLANG_WARN_ENUM_CONVERSION = YES;
				CLANG_WARN_INFINITE_RECURSION = YES;
				CLANG_WARN_INT_CONVERSION = YES;
				CLANG_WARN_NON_LITERAL_NULL_CONVERSION = YES;
				CLANG_WARN_OBJC_IMPLICIT_RETAIN_SELF = YES;
				CLANG_WARN_OBJC_LITERAL_CONVERSION = YES;
				CLANG_WARN_OBJC_ROOT_CLASS = YES_ERROR;
				CLANG_WARN_QUOTED_INCLUDE_IN_FRAMEWORK_HEADER = YES;
				CLANG_WARN_RANGE_LOOP_ANALYSIS = YES;
				CLANG_WARN_STRICT_PROTOTYPES = YES;
				CLANG_WARN_SUSPICIOUS_MOVE = YES;
				CLANG_WARN_UNGUARDED_AVAILABILITY = YES_AGGRESSIVE;
				CLANG_WARN_UNREACHABLE_CODE = YES;
				CLANG_WARN__DUPLICATE_METHOD_MATCH = YES;
				COPY_PHASE_STRIP = NO;
				DEBUG_INFORMATION_FORMAT = dwarf;
				DEVELOPMENT_TEAM = U8DCPLB357;
				ENABLE_STRICT_OBJC_MSGSEND = YES;
				ENABLE_TESTABILITY = YES;
				ENABLE_USER_SCRIPT_SANDBOXING = YES;
				GCC_C_LANGUAGE_STANDARD = gnu17;
				GCC_DYNAMIC_NO_PIC = NO;
				GCC_NO_COMMON_BLOCKS = YES;
				GCC_OPTIMIZATION_LEVEL = 0;
				GCC_PREPROCESSOR_DEFINITIONS = (
					"DEBUG=1",
					"$(inherited)",
				);
				GCC_WARN_64_TO_32_BIT_CONVERSION = YES;
				GCC_WARN_ABOUT_RETURN_TYPE = YES_ERROR;
				GCC_WARN_UNDECLARED_SELECTOR = YES;
				GCC_WARN_UNINITIALIZED_AUTOS = YES_AGGRESSIVE;
				GCC_WARN_UNUSED_FUNCTION = YES;
				GCC_WARN_UNUSED_VARIABLE = YES;
				IPHONEOS_DEPLOYMENT_TARGET = 18.4;
				LOCALIZATION_PREFERS_STRING_CATALOGS = YES;
				MTL_ENABLE_DEBUG_INFO = INCLUDE_SOURCE;
				MTL_FAST_MATH = YES;
				ONLY_ACTIVE_ARCH = YES;
				SDKROOT = iphoneos;
				SWIFT_ACTIVE_COMPILATION_CONDITIONS = "DEBUG $(inherited)";
				SWIFT_OPTIMIZATION_LEVEL = "-Onone";
			};
			name = Debug;
		};
		DF0E2B1F2DB665B10075831C /* Release */ = {
			isa = XCBuildConfiguration;
			buildSettings = {
				ALWAYS_SEARCH_USER_PATHS = NO;
				ASSETCATALOG_COMPILER_GENERATE_SWIFT_ASSET_SYMBOL_EXTENSIONS = YES;
				CLANG_ANALYZER_NONNULL = YES;
				CLANG_ANALYZER_NUMBER_OBJECT_CONVERSION = YES_AGGRESSIVE;
				CLANG_CXX_LANGUAGE_STANDARD = "gnu++20";
				CLANG_ENABLE_MODULES = YES;
				CLANG_ENABLE_OBJC_ARC = YES;
				CLANG_ENABLE_OBJC_WEAK = YES;
				CLANG_WARN_BLOCK_CAPTURE_AUTORELEASING = YES;
				CLANG_WARN_BOOL_CONVERSION = YES;
				CLANG_WARN_COMMA = YES;
				CLANG_WARN_CONSTANT_CONVERSION = YES;
				CLANG_WARN_DEPRECATED_OBJC_IMPLEMENTATIONS = YES;
				CLANG_WARN_DIRECT_OBJC_ISA_USAGE = YES_ERROR;
				CLANG_WARN_DOCUMENTATION_COMMENTS = YES;
				CLANG_WARN_EMPTY_BODY = YES;
				CLANG_WARN_ENUM_CONVERSION = YES;
				CLANG_WARN_INFINITE_RECURSION = YES;
				CLANG_WARN_INT_CONVERSION = YES;
				CLANG_WARN_NON_LITERAL_NULL_CONVERSION = YES;
				CLANG_WARN_OBJC_IMPLICIT_RETAIN_SELF = YES;
				CLANG_WARN_OBJC_LITERAL_CONVERSION = YES;
				CLANG_WARN_OBJC_ROOT_CLASS = YES_ERROR;
				CLANG_WARN_QUOTED_INCLUDE_IN_FRAMEWORK_HEADER = YES;
				CLANG_WARN_RANGE_LOOP_ANALYSIS = YES;
				CLANG_WARN_STRICT_PROTOTYPES = YES;
				CLANG_WARN_SUSPICIOUS_MOVE = YES;
				CLANG_WARN_UNGUARDED_AVAILABILITY = YES_AGGRESSIVE;
				CLANG_WARN_UNREACHABLE_CODE = YES;
				CLANG_WARN__DUPLICATE_METHOD_MATCH = YES;
				COPY_PHASE_STRIP = NO;
				DEBUG_INFORMATION_FORMAT = "dwarf-with-dsym";
				DEVELOPMENT_TEAM = U8DCPLB357;
				ENABLE_NS_ASSERTIONS = NO;
				ENABLE_STRICT_OBJC_MSGSEND = YES;
				ENABLE_USER_SCRIPT_SANDBOXING = YES;
				GCC_C_LANGUAGE_STANDARD = gnu17;
				GCC_NO_COMMON_BLOCKS = YES;
				GCC_WARN_64_TO_32_BIT_CONVERSION = YES;
				GCC_WARN_ABOUT_RETURN_TYPE = YES_ERROR;
				GCC_WARN_UNDECLARED_SELECTOR = YES;
				GCC_WARN_UNINITIALIZED_AUTOS = YES_AGGRESSIVE;
				GCC_WARN_UNUSED_FUNCTION = YES;
				GCC_WARN_UNUSED_VARIABLE = YES;
				IPHONEOS_DEPLOYMENT_TARGET = 18.4;
				LOCALIZATION_PREFERS_STRING_CATALOGS = YES;
				MTL_ENABLE_DEBUG_INFO = NO;
				MTL_FAST_MATH = YES;
				SDKROOT = iphoneos;
				SWIFT_COMPILATION_MODE = wholemodule;
				VALIDATE_PRODUCT = YES;
			};
			name = Release;
		};
		DF0E2B212DB665B10075831C /* Debug */ = {
			isa = XCBuildConfiguration;
			buildSettings = {
				ASSETCATALOG_COMPILER_APPICON_NAME = AppIcon;
				ASSETCATALOG_COMPILER_GLOBAL_ACCENT_COLOR_NAME = AccentColor;
				CODE_SIGN_STYLE = Automatic;
				CURRENT_PROJECT_VERSION = 1;
				DEVELOPMENT_TEAM = U8DCPLB357;
				ENABLE_PREVIEWS = YES;
				GENERATE_INFOPLIST_FILE = YES;
				INFOPLIST_FILE = CoordinatorExample/Info.plist;
				INFOPLIST_KEY_UIApplicationSceneManifest_Generation = YES;
				INFOPLIST_KEY_UIApplicationSupportsIndirectInputEvents = YES;
				INFOPLIST_KEY_UILaunchScreen_Generation = YES;
				INFOPLIST_KEY_UISupportedInterfaceOrientations_iPad = "UIInterfaceOrientationPortrait UIInterfaceOrientationPortraitUpsideDown UIInterfaceOrientationLandscapeLeft UIInterfaceOrientationLandscapeRight";
				INFOPLIST_KEY_UISupportedInterfaceOrientations_iPhone = "UIInterfaceOrientationPortrait UIInterfaceOrientationLandscapeLeft UIInterfaceOrientationLandscapeRight";
				LD_RUNPATH_SEARCH_PATHS = (
					"$(inherited)",
					"@executable_path/Frameworks",
				);
				MARKETING_VERSION = 1.0;
				PRODUCT_BUNDLE_IDENTIFIER = com.josephgrabinger.CoordinatorExample;
				PRODUCT_NAME = "$(TARGET_NAME)";
				SWIFT_EMIT_LOC_STRINGS = YES;
				SWIFT_VERSION = 5.0;
				TARGETED_DEVICE_FAMILY = "1,2";
			};
			name = Debug;
		};
		DF0E2B222DB665B10075831C /* Release */ = {
			isa = XCBuildConfiguration;
			buildSettings = {
				ASSETCATALOG_COMPILER_APPICON_NAME = AppIcon;
				ASSETCATALOG_COMPILER_GLOBAL_ACCENT_COLOR_NAME = AccentColor;
				CODE_SIGN_STYLE = Automatic;
				CURRENT_PROJECT_VERSION = 1;
				DEVELOPMENT_TEAM = U8DCPLB357;
				ENABLE_PREVIEWS = YES;
				GENERATE_INFOPLIST_FILE = YES;
				INFOPLIST_FILE = CoordinatorExample/Info.plist;
				INFOPLIST_KEY_UIApplicationSceneManifest_Generation = YES;
				INFOPLIST_KEY_UIApplicationSupportsIndirectInputEvents = YES;
				INFOPLIST_KEY_UILaunchScreen_Generation = YES;
				INFOPLIST_KEY_UISupportedInterfaceOrientations_iPad = "UIInterfaceOrientationPortrait UIInterfaceOrientationPortraitUpsideDown UIInterfaceOrientationLandscapeLeft UIInterfaceOrientationLandscapeRight";
				INFOPLIST_KEY_UISupportedInterfaceOrientations_iPhone = "UIInterfaceOrientationPortrait UIInterfaceOrientationLandscapeLeft UIInterfaceOrientationLandscapeRight";
				LD_RUNPATH_SEARCH_PATHS = (
					"$(inherited)",
					"@executable_path/Frameworks",
				);
				MARKETING_VERSION = 1.0;
				PRODUCT_BUNDLE_IDENTIFIER = com.josephgrabinger.CoordinatorExample;
				PRODUCT_NAME = "$(TARGET_NAME)";
				SWIFT_EMIT_LOC_STRINGS = YES;
				SWIFT_VERSION = 5.0;
				TARGETED_DEVICE_FAMILY = "1,2";
			};
			name = Release;
		};
		DF0E2B242DB665B10075831C /* Debug */ = {
			isa = XCBuildConfiguration;
			buildSettings = {
				BUNDLE_LOADER = "$(TEST_HOST)";
				CODE_SIGN_STYLE = Automatic;
				CURRENT_PROJECT_VERSION = 1;
				DEVELOPMENT_TEAM = U8DCPLB357;
				GENERATE_INFOPLIST_FILE = YES;
				IPHONEOS_DEPLOYMENT_TARGET = 18.4;
				MARKETING_VERSION = 1.0;
				PRODUCT_BUNDLE_IDENTIFIER = com.josephgrabinger.CoordinatorExampleTests;
				PRODUCT_NAME = "$(TARGET_NAME)";
				SWIFT_EMIT_LOC_STRINGS = NO;
				SWIFT_VERSION = 5.0;
				TARGETED_DEVICE_FAMILY = "1,2";
				TEST_HOST = "$(BUILT_PRODUCTS_DIR)/CoordinatorExample.app/$(BUNDLE_EXECUTABLE_FOLDER_PATH)/CoordinatorExample";
			};
			name = Debug;
		};
		DF0E2B252DB665B10075831C /* Release */ = {
			isa = XCBuildConfiguration;
			buildSettings = {
				BUNDLE_LOADER = "$(TEST_HOST)";
				CODE_SIGN_STYLE = Automatic;
				CURRENT_PROJECT_VERSION = 1;
				DEVELOPMENT_TEAM = U8DCPLB357;
				GENERATE_INFOPLIST_FILE = YES;
				IPHONEOS_DEPLOYMENT_TARGET = 18.4;
				MARKETING_VERSION = 1.0;
				PRODUCT_BUNDLE_IDENTIFIER = com.josephgrabinger.CoordinatorExampleTests;
				PRODUCT_NAME = "$(TARGET_NAME)";
				SWIFT_EMIT_LOC_STRINGS = NO;
				SWIFT_VERSION = 5.0;
				TARGETED_DEVICE_FAMILY = "1,2";
				TEST_HOST = "$(BUILT_PRODUCTS_DIR)/CoordinatorExample.app/$(BUNDLE_EXECUTABLE_FOLDER_PATH)/CoordinatorExample";
			};
			name = Release;
		};
		DF0E2B272DB665B10075831C /* Debug */ = {
			isa = XCBuildConfiguration;
			buildSettings = {
				CODE_SIGN_STYLE = Automatic;
				CURRENT_PROJECT_VERSION = 1;
				DEVELOPMENT_TEAM = U8DCPLB357;
				GENERATE_INFOPLIST_FILE = YES;
				MARKETING_VERSION = 1.0;
				PRODUCT_BUNDLE_IDENTIFIER = com.josephgrabinger.CoordinatorExampleUITests;
				PRODUCT_NAME = "$(TARGET_NAME)";
				SWIFT_EMIT_LOC_STRINGS = NO;
				SWIFT_VERSION = 5.0;
				TARGETED_DEVICE_FAMILY = "1,2";
				TEST_TARGET_NAME = CoordinatorExample;
			};
			name = Debug;
		};
		DF0E2B282DB665B10075831C /* Release */ = {
			isa = XCBuildConfiguration;
			buildSettings = {
				CODE_SIGN_STYLE = Automatic;
				CURRENT_PROJECT_VERSION = 1;
				DEVELOPMENT_TEAM = U8DCPLB357;
				GENERATE_INFOPLIST_FILE = YES;
				MARKETING_VERSION = 1.0;
				PRODUCT_BUNDLE_IDENTIFIER = com.josephgrabinger.CoordinatorExampleUITests;
				PRODUCT_NAME = "$(TARGET_NAME)";
				SWIFT_EMIT_LOC_STRINGS = NO;
				SWIFT_VERSION = 5.0;
				TARGETED_DEVICE_FAMILY = "1,2";
				TEST_TARGET_NAME = CoordinatorExample;
			};
			name = Release;
		};
/* End XCBuildConfiguration section */

/* Begin XCConfigurationList section */
		DF0E2AFA2DB665AE0075831C /* Build configuration list for PBXProject "CoordinatorExample" */ = {
			isa = XCConfigurationList;
			buildConfigurations = (
				DF0E2B1E2DB665B10075831C /* Debug */,
				DF0E2B1F2DB665B10075831C /* Release */,
			);
			defaultConfigurationIsVisible = 0;
			defaultConfigurationName = Release;
		};
		DF0E2B202DB665B10075831C /* Build configuration list for PBXNativeTarget "CoordinatorExample" */ = {
			isa = XCConfigurationList;
			buildConfigurations = (
				DF0E2B212DB665B10075831C /* Debug */,
				DF0E2B222DB665B10075831C /* Release */,
			);
			defaultConfigurationIsVisible = 0;
			defaultConfigurationName = Release;
		};
		DF0E2B232DB665B10075831C /* Build configuration list for PBXNativeTarget "CoordinatorExampleTests" */ = {
			isa = XCConfigurationList;
			buildConfigurations = (
				DF0E2B242DB665B10075831C /* Debug */,
				DF0E2B252DB665B10075831C /* Release */,
			);
			defaultConfigurationIsVisible = 0;
			defaultConfigurationName = Release;
		};
		DF0E2B262DB665B10075831C /* Build configuration list for PBXNativeTarget "CoordinatorExampleUITests" */ = {
			isa = XCConfigurationList;
			buildConfigurations = (
				DF0E2B272DB665B10075831C /* Debug */,
				DF0E2B282DB665B10075831C /* Release */,
			);
			defaultConfigurationIsVisible = 0;
			defaultConfigurationName = Release;
		};
/* End XCConfigurationList section */

/* Begin XCLocalSwiftPackageReference section */
		DF0E2B4F2DB666BD0075831C /* XCLocalSwiftPackageReference "../../Coordinator" */ = {
			isa = XCLocalSwiftPackageReference;
			relativePath = ../../Coordinator;
		};
/* End XCLocalSwiftPackageReference section */

/* Begin XCSwiftPackageProductDependency section */
		DF0E2B502DB666BD0075831C /* Coordinator */ = {
			isa = XCSwiftPackageProductDependency;
			productName = Coordinator;
		};
/* End XCSwiftPackageProductDependency section */
	};
	rootObject = DF0E2AF72DB665AE0075831C /* Project object */;
}
